
Microsoft Visual Studio Solution File, Format Version 12.00
# Visual Studio Version 17
VisualStudioVersion = 17.5.33424.131
MinimumVisualStudioVersion = 10.0.40219.1
Project("{FAE04EC0-301F-11D3-BF4B-00C04F79EFBC}") = "SplatfestInformationCalculator", "SplatfestInformationCalculator\SplatfestInformationCalculator.csproj", "{4494BA9A-3F30-4455-A69C-C8685336F7BF}"
EndProject
Global
	GlobalSection(SolutionConfigurationPlatforms) = preSolution
		Debug|Any CPU = Debug|Any CPU
		Release|Any CPU = Release|Any CPU
	EndGlobalSection
	GlobalSection(ProjectConfigurationPlatforms) = postSolution
		{4494BA9A-3F30-4455-A69C-C8685336F7BF}.Debug|Any CPU.ActiveCfg = Debug|Any CPU
		{4494BA9A-3F30-4455-A69C-C8685336F7BF}.Debug|Any CPU.Build.0 = Debug|Any CPU
		{4494BA9A-3F30-4455-A69C-C8685336F7BF}.Release|Any CPU.ActiveCfg = Release|Any CPU
		{4494BA9A-3F30-4455-A69C-C8685336F7BF}.Release|Any CPU.Build.0 = Release|Any CPU
	EndGlobalSection
	GlobalSection(SolutionProperties) = preSolution
		HideSolutionNode = FALSE
	EndGlobalSection
	GlobalSection(ExtensibilityGlobals) = postSolution
		SolutionGuid = {28560F9E-152F-4B89-A39A-C75CEC09FC10}
	EndGlobalSection
EndGlobal
